
Microsoft Visual Studio Solution File, Format Version 12.00
# Visual Studio Version 16
VisualStudioVersion = 16.0.30907.101
MinimumVisualStudioVersion = 10.0.40219.1
Project("{FAE04EC0-301F-11D3-BF4B-00C04F79EFBC}") = "KampIntro", "KampIntro\KampIntro.csproj", "{1C6E4074-3DE7-46B0-AEB3-8E4188C02EE7}"
EndProject
Project("{FAE04EC0-301F-11D3-BF4B-00C04F79EFBC}") = "Donguler", "Donguler\Donguler.csproj", "{3B8A63A5-970A-439A-9111-0D95B4D4005D}"
EndProject
Project("{FAE04EC0-301F-11D3-BF4B-00C04F79EFBC}") = "ClassIntro", "ClassIntro\ClassIntro.csproj", "{7B3504EB-8144-40BD-B336-A55D622C7860}"
EndProject
Project("{FAE04EC0-301F-11D3-BF4B-00C04F79EFBC}") = "Metotlar", "Metotlar\Metotlar.csproj", "{3E009BD2-E0F5-4D10-9E17-D53DA58C1B37}"
EndProject
Project("{FAE04EC0-301F-11D3-BF4B-00C04F79EFBC}") = "OOP1", "OOP1\OOP1.csproj", "{9516E068-9A73-470F-BAD4-85D3BCD2DCE8}"
EndProject
Project("{FAE04EC0-301F-11D3-BF4B-00C04F79EFBC}") = "Matematik", "Matematik\Matematik.csproj", "{EF663A78-8BBC-44F1-9B38-0842BA166D2C}"
EndProject
Project("{FAE04EC0-301F-11D3-BF4B-00C04F79EFBC}") = "Koleksiyonlar", "Koleksiyonlar\Koleksiyonlar.csproj", "{1F5AE3FD-645F-44F4-B705-C9A0F1365E34}"
EndProject
Project("{FAE04EC0-301F-11D3-BF4B-00C04F79EFBC}") = "GenericsIntro", "GenericsIntro\GenericsIntro.csproj", "{D45EDBEA-94E0-4813-9771-137212CDC8DC}"
EndProject
Project("{2150E333-8FDC-42A3-9474-1A3956D46DE8}") = "Solution Items", "Solution Items", "{2337D680-93F9-4140-A2A4-09AF19DC250F}"
	ProjectSection(SolutionItems) = preProject
		.editorconfig = .editorconfig
	EndProjectSection
EndProject
Global
	GlobalSection(SolutionConfigurationPlatforms) = preSolution
		Debug|Any CPU = Debug|Any CPU
		Release|Any CPU = Release|Any CPU
	EndGlobalSection
	GlobalSection(ProjectConfigurationPlatforms) = postSolution
		{1C6E4074-3DE7-46B0-AEB3-8E4188C02EE7}.Debug|Any CPU.ActiveCfg = Debug|Any CPU
		{1C6E4074-3DE7-46B0-AEB3-8E4188C02EE7}.Debug|Any CPU.Build.0 = Debug|Any CPU
		{1C6E4074-3DE7-46B0-AEB3-8E4188C02EE7}.Release|Any CPU.ActiveCfg = Release|Any CPU
		{1C6E4074-3DE7-46B0-AEB3-8E4188C02EE7}.Release|Any CPU.Build.0 = Release|Any CPU
		{3B8A63A5-970A-439A-9111-0D95B4D4005D}.Debug|Any CPU.ActiveCfg = Debug|Any CPU
		{3B8A63A5-970A-439A-9111-0D95B4D4005D}.Debug|Any CPU.Build.0 = Debug|Any CPU
		{3B8A63A5-970A-439A-9111-0D95B4D4005D}.Release|Any CPU.ActiveCfg = Release|Any CPU
		{3B8A63A5-970A-439A-9111-0D95B4D4005D}.Release|Any CPU.Build.0 = Release|Any CPU
		{7B3504EB-8144-40BD-B336-A55D622C7860}.Debug|Any CPU.ActiveCfg = Debug|Any CPU
		{7B3504EB-8144-40BD-B336-A55D622C7860}.Debug|Any CPU.Build.0 = Debug|Any CPU
		{7B3504EB-8144-40BD-B336-A55D622C7860}.Release|Any CPU.ActiveCfg = Release|Any CPU
		{7B3504EB-8144-40BD-B336-A55D622C7860}.Release|Any CPU.Build.0 = Release|Any CPU
		{3E009BD2-E0F5-4D10-9E17-D53DA58C1B37}.Debug|Any CPU.ActiveCfg = Debug|Any CPU
		{3E009BD2-E0F5-4D10-9E17-D53DA58C1B37}.Debug|Any CPU.Build.0 = Debug|Any CPU
		{3E009BD2-E0F5-4D10-9E17-D53DA58C1B37}.Release|Any CPU.ActiveCfg = Release|Any CPU
		{3E009BD2-E0F5-4D10-9E17-D53DA58C1B37}.Release|Any CPU.Build.0 = Release|Any CPU
		{9516E068-9A73-470F-BAD4-85D3BCD2DCE8}.Debug|Any CPU.ActiveCfg = Debug|Any CPU
		{9516E068-9A73-470F-BAD4-85D3BCD2DCE8}.Debug|Any CPU.Build.0 = Debug|Any CPU
		{9516E068-9A73-470F-BAD4-85D3BCD2DCE8}.Release|Any CPU.ActiveCfg = Release|Any CPU
		{9516E068-9A73-470F-BAD4-85D3BCD2DCE8}.Release|Any CPU.Build.0 = Release|Any CPU
		{EF663A78-8BBC-44F1-9B38-0842BA166D2C}.Debug|Any CPU.ActiveCfg = Debug|Any CPU
		{EF663A78-8BBC-44F1-9B38-0842BA166D2C}.Debug|Any CPU.Build.0 = Debug|Any CPU
		{EF663A78-8BBC-44F1-9B38-0842BA166D2C}.Release|Any CPU.ActiveCfg = Release|Any CPU
		{EF663A78-8BBC-44F1-9B38-0842BA166D2C}.Release|Any CPU.Build.0 = Release|Any CPU
		{1F5AE3FD-645F-44F4-B705-C9A0F1365E34}.Debug|Any CPU.ActiveCfg = Debug|Any CPU
		{1F5AE3FD-645F-44F4-B705-C9A0F1365E34}.Debug|Any CPU.Build.0 = Debug|Any CPU
		{1F5AE3FD-645F-44F4-B705-C9A0F1365E34}.Release|Any CPU.ActiveCfg = Release|Any CPU
		{1F5AE3FD-645F-44F4-B705-C9A0F1365E34}.Release|Any CPU.Build.0 = Release|Any CPU
		{D45EDBEA-94E0-4813-9771-137212CDC8DC}.Debug|Any CPU.ActiveCfg = Debug|Any CPU
		{D45EDBEA-94E0-4813-9771-137212CDC8DC}.Debug|Any CPU.Build.0 = Debug|Any CPU
		{D45EDBEA-94E0-4813-9771-137212CDC8DC}.Release|Any CPU.ActiveCfg = Release|Any CPU
		{D45EDBEA-94E0-4813-9771-137212CDC8DC}.Release|Any CPU.Build.0 = Release|Any CPU
	EndGlobalSection
	GlobalSection(SolutionProperties) = preSolution
		HideSolutionNode = FALSE
	EndGlobalSection
	GlobalSection(ExtensibilityGlobals) = postSolution
		SolutionGuid = {9D752C7C-5252-4C05-9782-EFF7F6C76457}
	EndGlobalSection
EndGlobal
